// !$*UTF8*$!
{
	archiveVersion = 1;
	classes = {
	};
	objectVersion = 55;
	objects = {

/* Begin PBXBuildFile section */
		09064C8C27864A1A00E605A6 /* UserDefaultsStorage.swift in Sources */ = {isa = PBXBuildFile; fileRef = 09064C8B27864A1A00E605A6 /* UserDefaultsStorage.swift */; };
		09064C8F27864AD200E605A6 /* AppData.swift in Sources */ = {isa = PBXBuildFile; fileRef = 09064C8E27864AD200E605A6 /* AppData.swift */; };
		09064C9127864BA300E605A6 /* KeychainStorage.swift in Sources */ = {isa = PBXBuildFile; fileRef = 09064C9027864BA300E605A6 /* KeychainStorage.swift */; };
		09064C9327864D1200E605A6 /* HomeViewController.swift in Sources */ = {isa = PBXBuildFile; fileRef = 09064C9227864D1200E605A6 /* HomeViewController.swift */; };
		09064C9727866D3600E605A6 /* SignUpViewController.swift in Sources */ = {isa = PBXBuildFile; fileRef = 09064C9627866D3600E605A6 /* SignUpViewController.swift */; };
		09064C9C2786762700E605A6 /* SignUpPresenter.swift in Sources */ = {isa = PBXBuildFile; fileRef = 09064C9B2786762700E605A6 /* SignUpPresenter.swift */; };
		090EDF52278522380099295D /* OneLineTextField.swift in Sources */ = {isa = PBXBuildFile; fileRef = 090EDF51278522380099295D /* OneLineTextField.swift */; };
		090EDF542785225F0099295D /* UIFont + Extension.swift in Sources */ = {isa = PBXBuildFile; fileRef = 090EDF532785225F0099295D /* UIFont + Extension.swift */; };
		090EDF56278522900099295D /* UIColor + Extension.swift in Sources */ = {isa = PBXBuildFile; fileRef = 090EDF55278522900099295D /* UIColor + Extension.swift */; };
		090EDF58278522B10099295D /* UILabel + Extension.swift in Sources */ = {isa = PBXBuildFile; fileRef = 090EDF57278522B10099295D /* UILabel + Extension.swift */; };
		090EDF5A278523850099295D /* UIButton + Extension.swift in Sources */ = {isa = PBXBuildFile; fileRef = 090EDF59278523850099295D /* UIButton + Extension.swift */; };
		090EDF5C2785256F0099295D /* UIStackView + Extension.swift in Sources */ = {isa = PBXBuildFile; fileRef = 090EDF5B2785256F0099295D /* UIStackView + Extension.swift */; };
		090F0E0627837B510097FC8D /* SwiftKeychainWrapper in Frameworks */ = {isa = PBXBuildFile; productRef = 090F0E0527837B510097FC8D /* SwiftKeychainWrapper */; };
		091A1DCD275D490C00E62B25 /* UserRequestFactory.swift in Sources */ = {isa = PBXBuildFile; fileRef = 091A1DCC275D490C00E62B25 /* UserRequestFactory.swift */; };
		091A1DCF275D49D800E62B25 /* DefaultResult.swift in Sources */ = {isa = PBXBuildFile; fileRef = 091A1DCE275D49D800E62B25 /* DefaultResult.swift */; };
		091A1DD1275D4A0F00E62B25 /* ChangeUserDataResult.swift in Sources */ = {isa = PBXBuildFile; fileRef = 091A1DD0275D4A0F00E62B25 /* ChangeUserDataResult.swift */; };
		091A1DD3275D4A3700E62B25 /* LogoutResult.swift in Sources */ = {isa = PBXBuildFile; fileRef = 091A1DD2275D4A3700E62B25 /* LogoutResult.swift */; };
		091A1DD9275DF8FF00E62B25 /* ProfileUser.swift in Sources */ = {isa = PBXBuildFile; fileRef = 091A1DD8275DF8FF00E62B25 /* ProfileUser.swift */; };
		091A1DDB275E00E300E62B25 /* BaseStoreRequest.swift in Sources */ = {isa = PBXBuildFile; fileRef = 091A1DDA275E00E300E62B25 /* BaseStoreRequest.swift */; };
		09222F192783348700505598 /* LogMessage.swift in Sources */ = {isa = PBXBuildFile; fileRef = 09222F182783348700505598 /* LogMessage.swift */; };
		09222F1C27834F8100505598 /* NoConnectionViewController.swift in Sources */ = {isa = PBXBuildFile; fileRef = 09222F1B27834F8100505598 /* NoConnectionViewController.swift */; };
		09229A5C2761380D00DA4A69 /* ProductRequestTests.swift in Sources */ = {isa = PBXBuildFile; fileRef = 09229A5B2761380D00DA4A69 /* ProductRequestTests.swift */; };
		09289F1427837CB6001B5830 /* Constant.swift in Sources */ = {isa = PBXBuildFile; fileRef = 09289F1327837CB6001B5830 /* Constant.swift */; };
		09289F3E2783B55A001B5830 /* URL + Extension.swift in Sources */ = {isa = PBXBuildFile; fileRef = 09289F3D2783B55A001B5830 /* URL + Extension.swift */; };
		0929747927613A5C00ABF4A2 /* CatalogResult.swift in Sources */ = {isa = PBXBuildFile; fileRef = 0929747827613A5C00ABF4A2 /* CatalogResult.swift */; };
		0929747B27613BDD00ABF4A2 /* ProductRequestFactory.swift in Sources */ = {isa = PBXBuildFile; fileRef = 0929747A27613BDD00ABF4A2 /* ProductRequestFactory.swift */; };
		0929747D27613C1300ABF4A2 /* ProductResult.swift in Sources */ = {isa = PBXBuildFile; fileRef = 0929747C27613C1300ABF4A2 /* ProductResult.swift */; };
		092E7F0727971992007AE74C /* UpdateUser.swift in Sources */ = {isa = PBXBuildFile; fileRef = 092E7F0627971992007AE74C /* UpdateUser.swift */; };
		09404BAE278F39B400A925AF /* AppManager.swift in Sources */ = {isa = PBXBuildFile; fileRef = 09404BAD278F39B400A925AF /* AppManager.swift */; };
		09404BB1278F3EC900A925AF /* MainTabBarController.swift in Sources */ = {isa = PBXBuildFile; fileRef = 09404BB0278F3EC900A925AF /* MainTabBarController.swift */; };
		09404BB3278F4E7900A925AF /* Builders.swift in Sources */ = {isa = PBXBuildFile; fileRef = 09404BB2278F4E7900A925AF /* Builders.swift */; };
		09404BB6278F4EC800A925AF /* HomeRouter.swift in Sources */ = {isa = PBXBuildFile; fileRef = 09404BB5278F4EC800A925AF /* HomeRouter.swift */; };
		09404BB8278F4F3300A925AF /* HomePresenter.swift in Sources */ = {isa = PBXBuildFile; fileRef = 09404BB7278F4F3300A925AF /* HomePresenter.swift */; };
		09404BBB278F4F7800A925AF /* ProductViewController.swift in Sources */ = {isa = PBXBuildFile; fileRef = 09404BBA278F4F7800A925AF /* ProductViewController.swift */; };
		09404BBE278F4FA400A925AF /* CatalogViewController.swift in Sources */ = {isa = PBXBuildFile; fileRef = 09404BBD278F4FA400A925AF /* CatalogViewController.swift */; };
		09404BC0278F4FBB00A925AF /* CatalogPresenter.swift in Sources */ = {isa = PBXBuildFile; fileRef = 09404BBF278F4FBB00A925AF /* CatalogPresenter.swift */; };
		09404BC2278F4FDF00A925AF /* CartViewController.swift in Sources */ = {isa = PBXBuildFile; fileRef = 09404BC1278F4FDF00A925AF /* CartViewController.swift */; };
		09404BC6278F4FFE00A925AF /* ProfileRouter.swift in Sources */ = {isa = PBXBuildFile; fileRef = 09404BC5278F4FFE00A925AF /* ProfileRouter.swift */; };
		09404BCA278F507700A925AF /* ProfileViewController.swift in Sources */ = {isa = PBXBuildFile; fileRef = 09404BC9278F507700A925AF /* ProfileViewController.swift */; };
		09404BCC278F508B00A925AF /* ProfilePresenter.swift in Sources */ = {isa = PBXBuildFile; fileRef = 09404BCB278F508B00A925AF /* ProfilePresenter.swift */; };
		094E81F72761142100710310 /* AuthRequestTests.swift in Sources */ = {isa = PBXBuildFile; fileRef = 094E81F62761142100710310 /* AuthRequestTests.swift */; };
		094E81F92761143600710310 /* UserRequestsTests.swift in Sources */ = {isa = PBXBuildFile; fileRef = 094E81F82761143600710310 /* UserRequestsTests.swift */; };
		095535B92799E91700041776 /* HomeTitleHeaderView.swift in Sources */ = {isa = PBXBuildFile; fileRef = 095535B82799E91700041776 /* HomeTitleHeaderView.swift */; };
		095535BB2799EAA700041776 /* CategoryViewCell.swift in Sources */ = {isa = PBXBuildFile; fileRef = 095535BA2799EAA700041776 /* CategoryViewCell.swift */; };
		095535BD279A107800041776 /* ArticleViewCell.swift in Sources */ = {isa = PBXBuildFile; fileRef = 095535BC279A107800041776 /* ArticleViewCell.swift */; };
		0962F59E2794AE0500A9D954 /* SettingsViewController.swift in Sources */ = {isa = PBXBuildFile; fileRef = 0962F59D2794AE0500A9D954 /* SettingsViewController.swift */; };
		0962F5A02794AE1300A9D954 /* SettingsView.swift in Sources */ = {isa = PBXBuildFile; fileRef = 0962F59F2794AE1300A9D954 /* SettingsView.swift */; };
		096CDD8D279B19770097988A /* CatalogView.swift in Sources */ = {isa = PBXBuildFile; fileRef = 096CDD8C279B19770097988A /* CatalogView.swift */; };
		096CDD90279B1F2A0097988A /* ProductViewCell.swift in Sources */ = {isa = PBXBuildFile; fileRef = 096CDD8F279B1F2A0097988A /* ProductViewCell.swift */; };
		096DAA462796FD6E003F5366 /* Tag.swift in Sources */ = {isa = PBXBuildFile; fileRef = 096DAA452796FD6E003F5366 /* Tag.swift */; };
		096DAA492797128F003F5366 /* SPAlert in Frameworks */ = {isa = PBXBuildFile; productRef = 096DAA482797128F003F5366 /* SPAlert */; };
		09743B2B276CCC480030AAE0 /* FeedbackRequestTests.swift in Sources */ = {isa = PBXBuildFile; fileRef = 09743B2A276CCC480030AAE0 /* FeedbackRequestTests.swift */; };
		09743B2D276CCD070030AAE0 /* FeedbackRequestFactory.swift in Sources */ = {isa = PBXBuildFile; fileRef = 09743B2C276CCD070030AAE0 /* FeedbackRequestFactory.swift */; };
		09743B2F276CCF000030AAE0 /* FeedbackResult.swift in Sources */ = {isa = PBXBuildFile; fileRef = 09743B2E276CCF000030AAE0 /* FeedbackResult.swift */; };
		0980C3B827613E8D00EDEB76 /* ProductShop.swift in Sources */ = {isa = PBXBuildFile; fileRef = 0980C3B727613E8D00EDEB76 /* ProductShop.swift */; };
		098323B22790B9C800C21054 /* RegexTests.swift in Sources */ = {isa = PBXBuildFile; fileRef = 098323B12790B9C800C21054 /* RegexTests.swift */; };
		098323B42791497500C21054 /* ProfileView.swift in Sources */ = {isa = PBXBuildFile; fileRef = 098323B32791497500C21054 /* ProfileView.swift */; };
		098323B627914A9600C21054 /* ViewSpecificController.swift in Sources */ = {isa = PBXBuildFile; fileRef = 098323B527914A9600C21054 /* ViewSpecificController.swift */; };
		098323B82791E86A00C21054 /* CardInfoResult.swift in Sources */ = {isa = PBXBuildFile; fileRef = 098323B72791E86A00C21054 /* CardInfoResult.swift */; };
		099B34E8275E618700D8D8D3 /* UserResult.swift in Sources */ = {isa = PBXBuildFile; fileRef = 099B34E7275E618700D8D8D3 /* UserResult.swift */; };
		09AD78022793215F004A2D53 /* StringProtocol + Extension.swift in Sources */ = {isa = PBXBuildFile; fileRef = 09AD78012793215F004A2D53 /* StringProtocol + Extension.swift */; };
		09B03398276CD65000F68070 /* ProductFeedback.swift in Sources */ = {isa = PBXBuildFile; fileRef = 09B03397276CD65000F68070 /* ProductFeedback.swift */; };
		09B4F7152794BA4E0035CD79 /* SettingsPresenter.swift in Sources */ = {isa = PBXBuildFile; fileRef = 09B4F7142794BA4E0035CD79 /* SettingsPresenter.swift */; };
		09B4F7172795D03F0035CD79 /* UserInfoResult.swift in Sources */ = {isa = PBXBuildFile; fileRef = 09B4F7162795D03F0035CD79 /* UserInfoResult.swift */; };
		09B7FF80275D077F000E1B5F /* AuthPresenter.swift in Sources */ = {isa = PBXBuildFile; fileRef = 09B7FF7F275D077F000E1B5F /* AuthPresenter.swift */; };
		09B7FF8A275D40EC000E1B5F /* UIViewController + Extension.swift in Sources */ = {isa = PBXBuildFile; fileRef = 09B7FF89275D40EC000E1B5F /* UIViewController + Extension.swift */; };
		09BB085727987F1300D791B4 /* HomeView.swift in Sources */ = {isa = PBXBuildFile; fileRef = 09BB085627987F1300D791B4 /* HomeView.swift */; };
		09BDFA5C2799B24900F91DB0 /* AdsBannerViewCell.swift in Sources */ = {isa = PBXBuildFile; fileRef = 09BDFA5B2799B24900F91DB0 /* AdsBannerViewCell.swift */; };
		09BDFA5F2799B32800F91DB0 /* Kingfisher in Frameworks */ = {isa = PBXBuildFile; productRef = 09BDFA5E2799B32800F91DB0 /* Kingfisher */; };
		09BDFA612799E0B600F91DB0 /* HomeRequestFactory.swift in Sources */ = {isa = PBXBuildFile; fileRef = 09BDFA602799E0B600F91DB0 /* HomeRequestFactory.swift */; };
		09BDFA632799E16A00F91DB0 /* Home.swift in Sources */ = {isa = PBXBuildFile; fileRef = 09BDFA622799E16A00F91DB0 /* Home.swift */; };
		09BDFA652799E25F00F91DB0 /* HomeResult.swift in Sources */ = {isa = PBXBuildFile; fileRef = 09BDFA642799E25F00F91DB0 /* HomeResult.swift */; };
		09D5DBA6276A33A90072252C /* Product.swift in Sources */ = {isa = PBXBuildFile; fileRef = 09D5DBA5276A33A90072252C /* Product.swift */; };
		09D7FD3D2758FF83000A98C9 /* AppDelegate.swift in Sources */ = {isa = PBXBuildFile; fileRef = 09D7FD3C2758FF83000A98C9 /* AppDelegate.swift */; };
		09D7FD3F2758FF83000A98C9 /* SceneDelegate.swift in Sources */ = {isa = PBXBuildFile; fileRef = 09D7FD3E2758FF83000A98C9 /* SceneDelegate.swift */; };
		09D7FD412758FF83000A98C9 /* AuthViewController.swift in Sources */ = {isa = PBXBuildFile; fileRef = 09D7FD402758FF83000A98C9 /* AuthViewController.swift */; };
		09D7FD462758FF85000A98C9 /* Assets.xcassets in Resources */ = {isa = PBXBuildFile; fileRef = 09D7FD452758FF85000A98C9 /* Assets.xcassets */; };
		09D7FD492758FF85000A98C9 /* LaunchScreen.storyboard in Resources */ = {isa = PBXBuildFile; fileRef = 09D7FD472758FF85000A98C9 /* LaunchScreen.storyboard */; };
		09D7FD5E2758FF85000A98C9 /* ShopUITests.swift in Sources */ = {isa = PBXBuildFile; fileRef = 09D7FD5D2758FF85000A98C9 /* ShopUITests.swift */; };
		09D7FD602758FF85000A98C9 /* ShopUITestsLaunchTests.swift in Sources */ = {isa = PBXBuildFile; fileRef = 09D7FD5F2758FF85000A98C9 /* ShopUITestsLaunchTests.swift */; };
		09D7FDA2275CDC3E000A98C9 /* AbstractErrorParser.swift in Sources */ = {isa = PBXBuildFile; fileRef = 09D7FDA1275CDC3E000A98C9 /* AbstractErrorParser.swift */; };
		09D7FDA4275CDCC7000A98C9 /* ErrorParser.swift in Sources */ = {isa = PBXBuildFile; fileRef = 09D7FDA3275CDCC7000A98C9 /* ErrorParser.swift */; };
		09D7FDA6275CDCD4000A98C9 /* ResponseCodable.swift in Sources */ = {isa = PBXBuildFile; fileRef = 09D7FDA5275CDCD4000A98C9 /* ResponseCodable.swift */; };
		09D7FDA8275CDCEF000A98C9 /* AbstractRequestFactory.swift in Sources */ = {isa = PBXBuildFile; fileRef = 09D7FDA7275CDCEF000A98C9 /* AbstractRequestFactory.swift */; };
		09D7FDAA275CDD01000A98C9 /* RequestRouter.swift in Sources */ = {isa = PBXBuildFile; fileRef = 09D7FDA9275CDD01000A98C9 /* RequestRouter.swift */; };
		09D7FDAD275CDDB2000A98C9 /* AuthRequestFactory.swift in Sources */ = {isa = PBXBuildFile; fileRef = 09D7FDAC275CDDB2000A98C9 /* AuthRequestFactory.swift */; };
		09D7FDAF275CDDBF000A98C9 /* Auth.swift in Sources */ = {isa = PBXBuildFile; fileRef = 09D7FDAE275CDDBF000A98C9 /* Auth.swift */; };
		09D7FDB1275CDDC9000A98C9 /* RequestFactroy.swift in Sources */ = {isa = PBXBuildFile; fileRef = 09D7FDB0275CDDC9000A98C9 /* RequestFactroy.swift */; };
		09D7FDB3275CDDDF000A98C9 /* LoginResult.swift in Sources */ = {isa = PBXBuildFile; fileRef = 09D7FDB2275CDDDF000A98C9 /* LoginResult.swift */; };
		09D7FDB5275CDDE6000A98C9 /* ProfileResult.swift in Sources */ = {isa = PBXBuildFile; fileRef = 09D7FDB4275CDDE6000A98C9 /* ProfileResult.swift */; };
		09D7FDB8275CDE9C000A98C9 /* Alamofire in Frameworks */ = {isa = PBXBuildFile; productRef = 09D7FDB7275CDE9C000A98C9 /* Alamofire */; };
		09EAE7822787496C00D825BB /* SignUpView.swift in Sources */ = {isa = PBXBuildFile; fileRef = 09EAE7812787496C00D825BB /* SignUpView.swift */; };
		09EF45A32787B81B0040623F /* String + Extension.swift in Sources */ = {isa = PBXBuildFile; fileRef = 09EF45A22787B81B0040623F /* String + Extension.swift */; };
/* End PBXBuildFile section */

/* Begin PBXContainerItemProxy section */
		09D7FD502758FF85000A98C9 /* PBXContainerItemProxy */ = {
			isa = PBXContainerItemProxy;
			containerPortal = 09D7FD312758FF83000A98C9 /* Project object */;
			proxyType = 1;
			remoteGlobalIDString = 09D7FD382758FF83000A98C9;
			remoteInfo = Shop;
		};
		09D7FD5A2758FF85000A98C9 /* PBXContainerItemProxy */ = {
			isa = PBXContainerItemProxy;
			containerPortal = 09D7FD312758FF83000A98C9 /* Project object */;
			proxyType = 1;
			remoteGlobalIDString = 09D7FD382758FF83000A98C9;
			remoteInfo = Shop;
		};
/* End PBXContainerItemProxy section */

/* Begin PBXFileReference section */
		09064C8B27864A1A00E605A6 /* UserDefaultsStorage.swift */ = {isa = PBXFileReference; lastKnownFileType = sourcecode.swift; path = UserDefaultsStorage.swift; sourceTree = "<group>"; };
		09064C8E27864AD200E605A6 /* AppData.swift */ = {isa = PBXFileReference; lastKnownFileType = sourcecode.swift; path = AppData.swift; sourceTree = "<group>"; };
		09064C9027864BA300E605A6 /* KeychainStorage.swift */ = {isa = PBXFileReference; lastKnownFileType = sourcecode.swift; path = KeychainStorage.swift; sourceTree = "<group>"; };
		09064C9227864D1200E605A6 /* HomeViewController.swift */ = {isa = PBXFileReference; lastKnownFileType = sourcecode.swift; path = HomeViewController.swift; sourceTree = "<group>"; };
		09064C9627866D3600E605A6 /* SignUpViewController.swift */ = {isa = PBXFileReference; lastKnownFileType = sourcecode.swift; path = SignUpViewController.swift; sourceTree = "<group>"; };
		09064C9B2786762700E605A6 /* SignUpPresenter.swift */ = {isa = PBXFileReference; lastKnownFileType = sourcecode.swift; path = SignUpPresenter.swift; sourceTree = "<group>"; };
		090EDF51278522380099295D /* OneLineTextField.swift */ = {isa = PBXFileReference; lastKnownFileType = sourcecode.swift; path = OneLineTextField.swift; sourceTree = "<group>"; };
		090EDF532785225F0099295D /* UIFont + Extension.swift */ = {isa = PBXFileReference; lastKnownFileType = sourcecode.swift; path = "UIFont + Extension.swift"; sourceTree = "<group>"; };
		090EDF55278522900099295D /* UIColor + Extension.swift */ = {isa = PBXFileReference; lastKnownFileType = sourcecode.swift; path = "UIColor + Extension.swift"; sourceTree = "<group>"; };
		090EDF57278522B10099295D /* UILabel + Extension.swift */ = {isa = PBXFileReference; lastKnownFileType = sourcecode.swift; path = "UILabel + Extension.swift"; sourceTree = "<group>"; };
		090EDF59278523850099295D /* UIButton + Extension.swift */ = {isa = PBXFileReference; lastKnownFileType = sourcecode.swift; path = "UIButton + Extension.swift"; sourceTree = "<group>"; };
		090EDF5B2785256F0099295D /* UIStackView + Extension.swift */ = {isa = PBXFileReference; lastKnownFileType = sourcecode.swift; path = "UIStackView + Extension.swift"; sourceTree = "<group>"; };
		091A1DCC275D490C00E62B25 /* UserRequestFactory.swift */ = {isa = PBXFileReference; lastKnownFileType = sourcecode.swift; path = UserRequestFactory.swift; sourceTree = "<group>"; };
		091A1DCE275D49D800E62B25 /* DefaultResult.swift */ = {isa = PBXFileReference; lastKnownFileType = sourcecode.swift; path = DefaultResult.swift; sourceTree = "<group>"; };
		091A1DD0275D4A0F00E62B25 /* ChangeUserDataResult.swift */ = {isa = PBXFileReference; lastKnownFileType = sourcecode.swift; path = ChangeUserDataResult.swift; sourceTree = "<group>"; };
		091A1DD2275D4A3700E62B25 /* LogoutResult.swift */ = {isa = PBXFileReference; lastKnownFileType = sourcecode.swift; path = LogoutResult.swift; sourceTree = "<group>"; };
		091A1DD8275DF8FF00E62B25 /* ProfileUser.swift */ = {isa = PBXFileReference; lastKnownFileType = sourcecode.swift; path = ProfileUser.swift; sourceTree = "<group>"; };
		091A1DDA275E00E300E62B25 /* BaseStoreRequest.swift */ = {isa = PBXFileReference; lastKnownFileType = sourcecode.swift; path = BaseStoreRequest.swift; sourceTree = "<group>"; };
		09222F182783348700505598 /* LogMessage.swift */ = {isa = PBXFileReference; lastKnownFileType = sourcecode.swift; path = LogMessage.swift; sourceTree = "<group>"; };
		09222F1B27834F8100505598 /* NoConnectionViewController.swift */ = {isa = PBXFileReference; lastKnownFileType = sourcecode.swift; path = NoConnectionViewController.swift; sourceTree = "<group>"; };
		09229A5B2761380D00DA4A69 /* ProductRequestTests.swift */ = {isa = PBXFileReference; lastKnownFileType = sourcecode.swift; path = ProductRequestTests.swift; sourceTree = "<group>"; };
		09289F1327837CB6001B5830 /* Constant.swift */ = {isa = PBXFileReference; lastKnownFileType = sourcecode.swift; path = Constant.swift; sourceTree = "<group>"; };
		09289F3D2783B55A001B5830 /* URL + Extension.swift */ = {isa = PBXFileReference; lastKnownFileType = sourcecode.swift; path = "URL + Extension.swift"; sourceTree = "<group>"; };
		0929747827613A5C00ABF4A2 /* CatalogResult.swift */ = {isa = PBXFileReference; lastKnownFileType = sourcecode.swift; path = CatalogResult.swift; sourceTree = "<group>"; };
		0929747A27613BDD00ABF4A2 /* ProductRequestFactory.swift */ = {isa = PBXFileReference; lastKnownFileType = sourcecode.swift; path = ProductRequestFactory.swift; sourceTree = "<group>"; };
		0929747C27613C1300ABF4A2 /* ProductResult.swift */ = {isa = PBXFileReference; lastKnownFileType = sourcecode.swift; path = ProductResult.swift; sourceTree = "<group>"; };
		092E7F0627971992007AE74C /* UpdateUser.swift */ = {isa = PBXFileReference; lastKnownFileType = sourcecode.swift; path = UpdateUser.swift; sourceTree = "<group>"; };
		09404BAD278F39B400A925AF /* AppManager.swift */ = {isa = PBXFileReference; lastKnownFileType = sourcecode.swift; path = AppManager.swift; sourceTree = "<group>"; };
		09404BB0278F3EC900A925AF /* MainTabBarController.swift */ = {isa = PBXFileReference; lastKnownFileType = sourcecode.swift; path = MainTabBarController.swift; sourceTree = "<group>"; };
		09404BB2278F4E7900A925AF /* Builders.swift */ = {isa = PBXFileReference; lastKnownFileType = sourcecode.swift; path = Builders.swift; sourceTree = "<group>"; };
		09404BB5278F4EC800A925AF /* HomeRouter.swift */ = {isa = PBXFileReference; lastKnownFileType = sourcecode.swift; path = HomeRouter.swift; sourceTree = "<group>"; };
		09404BB7278F4F3300A925AF /* HomePresenter.swift */ = {isa = PBXFileReference; lastKnownFileType = sourcecode.swift; path = HomePresenter.swift; sourceTree = "<group>"; };
		09404BBA278F4F7800A925AF /* ProductViewController.swift */ = {isa = PBXFileReference; lastKnownFileType = sourcecode.swift; path = ProductViewController.swift; sourceTree = "<group>"; };
		09404BBD278F4FA400A925AF /* CatalogViewController.swift */ = {isa = PBXFileReference; lastKnownFileType = sourcecode.swift; path = CatalogViewController.swift; sourceTree = "<group>"; };
		09404BBF278F4FBB00A925AF /* CatalogPresenter.swift */ = {isa = PBXFileReference; lastKnownFileType = sourcecode.swift; path = CatalogPresenter.swift; sourceTree = "<group>"; };
		09404BC1278F4FDF00A925AF /* CartViewController.swift */ = {isa = PBXFileReference; lastKnownFileType = sourcecode.swift; path = CartViewController.swift; sourceTree = "<group>"; };
		09404BC5278F4FFE00A925AF /* ProfileRouter.swift */ = {isa = PBXFileReference; lastKnownFileType = sourcecode.swift; path = ProfileRouter.swift; sourceTree = "<group>"; };
		09404BC9278F507700A925AF /* ProfileViewController.swift */ = {isa = PBXFileReference; lastKnownFileType = sourcecode.swift; path = ProfileViewController.swift; sourceTree = "<group>"; };
		09404BCB278F508B00A925AF /* ProfilePresenter.swift */ = {isa = PBXFileReference; lastKnownFileType = sourcecode.swift; path = ProfilePresenter.swift; sourceTree = "<group>"; };
		094E81F62761142100710310 /* AuthRequestTests.swift */ = {isa = PBXFileReference; lastKnownFileType = sourcecode.swift; path = AuthRequestTests.swift; sourceTree = "<group>"; };
		094E81F82761143600710310 /* UserRequestsTests.swift */ = {isa = PBXFileReference; lastKnownFileType = sourcecode.swift; path = UserRequestsTests.swift; sourceTree = "<group>"; };
		095535B82799E91700041776 /* HomeTitleHeaderView.swift */ = {isa = PBXFileReference; lastKnownFileType = sourcecode.swift; path = HomeTitleHeaderView.swift; sourceTree = "<group>"; };
		095535BA2799EAA700041776 /* CategoryViewCell.swift */ = {isa = PBXFileReference; lastKnownFileType = sourcecode.swift; path = CategoryViewCell.swift; sourceTree = "<group>"; };
		095535BC279A107800041776 /* ArticleViewCell.swift */ = {isa = PBXFileReference; lastKnownFileType = sourcecode.swift; path = ArticleViewCell.swift; sourceTree = "<group>"; };
		0962F59D2794AE0500A9D954 /* SettingsViewController.swift */ = {isa = PBXFileReference; lastKnownFileType = sourcecode.swift; path = SettingsViewController.swift; sourceTree = "<group>"; };
		0962F59F2794AE1300A9D954 /* SettingsView.swift */ = {isa = PBXFileReference; lastKnownFileType = sourcecode.swift; path = SettingsView.swift; sourceTree = "<group>"; };
		096CDD8C279B19770097988A /* CatalogView.swift */ = {isa = PBXFileReference; lastKnownFileType = sourcecode.swift; path = CatalogView.swift; sourceTree = "<group>"; };
		096CDD8F279B1F2A0097988A /* ProductViewCell.swift */ = {isa = PBXFileReference; lastKnownFileType = sourcecode.swift; path = ProductViewCell.swift; sourceTree = "<group>"; };
		096DAA452796FD6E003F5366 /* Tag.swift */ = {isa = PBXFileReference; lastKnownFileType = sourcecode.swift; path = Tag.swift; sourceTree = "<group>"; };
		09743B2A276CCC480030AAE0 /* FeedbackRequestTests.swift */ = {isa = PBXFileReference; lastKnownFileType = sourcecode.swift; path = FeedbackRequestTests.swift; sourceTree = "<group>"; };
		09743B2C276CCD070030AAE0 /* FeedbackRequestFactory.swift */ = {isa = PBXFileReference; lastKnownFileType = sourcecode.swift; path = FeedbackRequestFactory.swift; sourceTree = "<group>"; };
		09743B2E276CCF000030AAE0 /* FeedbackResult.swift */ = {isa = PBXFileReference; lastKnownFileType = sourcecode.swift; path = FeedbackResult.swift; sourceTree = "<group>"; };
		0980C3B727613E8D00EDEB76 /* ProductShop.swift */ = {isa = PBXFileReference; lastKnownFileType = sourcecode.swift; path = ProductShop.swift; sourceTree = "<group>"; };
		098323B12790B9C800C21054 /* RegexTests.swift */ = {isa = PBXFileReference; lastKnownFileType = sourcecode.swift; path = RegexTests.swift; sourceTree = "<group>"; };
		098323B32791497500C21054 /* ProfileView.swift */ = {isa = PBXFileReference; lastKnownFileType = sourcecode.swift; path = ProfileView.swift; sourceTree = "<group>"; };
		098323B527914A9600C21054 /* ViewSpecificController.swift */ = {isa = PBXFileReference; lastKnownFileType = sourcecode.swift; path = ViewSpecificController.swift; sourceTree = "<group>"; };
		098323B72791E86A00C21054 /* CardInfoResult.swift */ = {isa = PBXFileReference; lastKnownFileType = sourcecode.swift; path = CardInfoResult.swift; sourceTree = "<group>"; };
		099B34E7275E618700D8D8D3 /* UserResult.swift */ = {isa = PBXFileReference; lastKnownFileType = sourcecode.swift; path = UserResult.swift; sourceTree = "<group>"; };
		099B34E9275FC39A00D8D8D3 /* Unit.xctestplan */ = {isa = PBXFileReference; lastKnownFileType = text; name = Unit.xctestplan; path = TestPlanes/Unit.xctestplan; sourceTree = SOURCE_ROOT; };
		099B34EB275FC97C00D8D8D3 /* UI.xctestplan */ = {isa = PBXFileReference; lastKnownFileType = text; path = UI.xctestplan; sourceTree = "<group>"; };
		099B34EC275FCB1900D8D8D3 /* Full.xctestplan */ = {isa = PBXFileReference; lastKnownFileType = text; path = Full.xctestplan; sourceTree = "<group>"; };
		09AD78012793215F004A2D53 /* StringProtocol + Extension.swift */ = {isa = PBXFileReference; lastKnownFileType = sourcecode.swift; path = "StringProtocol + Extension.swift"; sourceTree = "<group>"; };
		09B03397276CD65000F68070 /* ProductFeedback.swift */ = {isa = PBXFileReference; lastKnownFileType = sourcecode.swift; path = ProductFeedback.swift; sourceTree = "<group>"; };
		09B4F7142794BA4E0035CD79 /* SettingsPresenter.swift */ = {isa = PBXFileReference; lastKnownFileType = sourcecode.swift; path = SettingsPresenter.swift; sourceTree = "<group>"; };
		09B4F7162795D03F0035CD79 /* UserInfoResult.swift */ = {isa = PBXFileReference; lastKnownFileType = sourcecode.swift; path = UserInfoResult.swift; sourceTree = "<group>"; };
		09B7FF7F275D077F000E1B5F /* AuthPresenter.swift */ = {isa = PBXFileReference; lastKnownFileType = sourcecode.swift; path = AuthPresenter.swift; sourceTree = "<group>"; };
		09B7FF89275D40EC000E1B5F /* UIViewController + Extension.swift */ = {isa = PBXFileReference; lastKnownFileType = sourcecode.swift; path = "UIViewController + Extension.swift"; sourceTree = "<group>"; };
		09BB085627987F1300D791B4 /* HomeView.swift */ = {isa = PBXFileReference; lastKnownFileType = sourcecode.swift; path = HomeView.swift; sourceTree = "<group>"; };
		09BDFA5B2799B24900F91DB0 /* AdsBannerViewCell.swift */ = {isa = PBXFileReference; lastKnownFileType = sourcecode.swift; path = AdsBannerViewCell.swift; sourceTree = "<group>"; };
		09BDFA602799E0B600F91DB0 /* HomeRequestFactory.swift */ = {isa = PBXFileReference; lastKnownFileType = sourcecode.swift; path = HomeRequestFactory.swift; sourceTree = "<group>"; };
		09BDFA622799E16A00F91DB0 /* Home.swift */ = {isa = PBXFileReference; lastKnownFileType = sourcecode.swift; path = Home.swift; sourceTree = "<group>"; };
		09BDFA642799E25F00F91DB0 /* HomeResult.swift */ = {isa = PBXFileReference; lastKnownFileType = sourcecode.swift; path = HomeResult.swift; sourceTree = "<group>"; };
		09D5DBA5276A33A90072252C /* Product.swift */ = {isa = PBXFileReference; lastKnownFileType = sourcecode.swift; path = Product.swift; sourceTree = "<group>"; };
		09D7FD392758FF83000A98C9 /* Shop.app */ = {isa = PBXFileReference; explicitFileType = wrapper.application; includeInIndex = 0; path = Shop.app; sourceTree = BUILT_PRODUCTS_DIR; };
		09D7FD3C2758FF83000A98C9 /* AppDelegate.swift */ = {isa = PBXFileReference; lastKnownFileType = sourcecode.swift; path = AppDelegate.swift; sourceTree = "<group>"; };
		09D7FD3E2758FF83000A98C9 /* SceneDelegate.swift */ = {isa = PBXFileReference; lastKnownFileType = sourcecode.swift; path = SceneDelegate.swift; sourceTree = "<group>"; };
		09D7FD402758FF83000A98C9 /* AuthViewController.swift */ = {isa = PBXFileReference; lastKnownFileType = sourcecode.swift; path = AuthViewController.swift; sourceTree = "<group>"; };
		09D7FD452758FF85000A98C9 /* Assets.xcassets */ = {isa = PBXFileReference; lastKnownFileType = folder.assetcatalog; path = Assets.xcassets; sourceTree = "<group>"; };
		09D7FD482758FF85000A98C9 /* Base */ = {isa = PBXFileReference; lastKnownFileType = file.storyboard; name = Base; path = Base.lproj/LaunchScreen.storyboard; sourceTree = "<group>"; };
		09D7FD4A2758FF85000A98C9 /* Info.plist */ = {isa = PBXFileReference; lastKnownFileType = text.plist.xml; path = Info.plist; sourceTree = "<group>"; };
		09D7FD4F2758FF85000A98C9 /* ShopTests.xctest */ = {isa = PBXFileReference; explicitFileType = wrapper.cfbundle; includeInIndex = 0; path = ShopTests.xctest; sourceTree = BUILT_PRODUCTS_DIR; };
		09D7FD592758FF85000A98C9 /* ShopUITests.xctest */ = {isa = PBXFileReference; explicitFileType = wrapper.cfbundle; includeInIndex = 0; path = ShopUITests.xctest; sourceTree = BUILT_PRODUCTS_DIR; };
		09D7FD5D2758FF85000A98C9 /* ShopUITests.swift */ = {isa = PBXFileReference; lastKnownFileType = sourcecode.swift; path = ShopUITests.swift; sourceTree = "<group>"; };
		09D7FD5F2758FF85000A98C9 /* ShopUITestsLaunchTests.swift */ = {isa = PBXFileReference; lastKnownFileType = sourcecode.swift; path = ShopUITestsLaunchTests.swift; sourceTree = "<group>"; };
		09D7FDA1275CDC3E000A98C9 /* AbstractErrorParser.swift */ = {isa = PBXFileReference; lastKnownFileType = sourcecode.swift; path = AbstractErrorParser.swift; sourceTree = "<group>"; };
		09D7FDA3275CDCC7000A98C9 /* ErrorParser.swift */ = {isa = PBXFileReference; lastKnownFileType = sourcecode.swift; path = ErrorParser.swift; sourceTree = "<group>"; };
		09D7FDA5275CDCD4000A98C9 /* ResponseCodable.swift */ = {isa = PBXFileReference; lastKnownFileType = sourcecode.swift; path = ResponseCodable.swift; sourceTree = "<group>"; };
		09D7FDA7275CDCEF000A98C9 /* AbstractRequestFactory.swift */ = {isa = PBXFileReference; lastKnownFileType = sourcecode.swift; path = AbstractRequestFactory.swift; sourceTree = "<group>"; };
		09D7FDA9275CDD01000A98C9 /* RequestRouter.swift */ = {isa = PBXFileReference; lastKnownFileType = sourcecode.swift; path = RequestRouter.swift; sourceTree = "<group>"; };
		09D7FDAC275CDDB2000A98C9 /* AuthRequestFactory.swift */ = {isa = PBXFileReference; lastKnownFileType = sourcecode.swift; path = AuthRequestFactory.swift; sourceTree = "<group>"; };
		09D7FDAE275CDDBF000A98C9 /* Auth.swift */ = {isa = PBXFileReference; lastKnownFileType = sourcecode.swift; path = Auth.swift; sourceTree = "<group>"; };
		09D7FDB0275CDDC9000A98C9 /* RequestFactroy.swift */ = {isa = PBXFileReference; lastKnownFileType = sourcecode.swift; path = RequestFactroy.swift; sourceTree = "<group>"; };
		09D7FDB2275CDDDF000A98C9 /* LoginResult.swift */ = {isa = PBXFileReference; lastKnownFileType = sourcecode.swift; path = LoginResult.swift; sourceTree = "<group>"; };
		09D7FDB4275CDDE6000A98C9 /* ProfileResult.swift */ = {isa = PBXFileReference; lastKnownFileType = sourcecode.swift; path = ProfileResult.swift; sourceTree = "<group>"; };
		09EAE7812787496C00D825BB /* SignUpView.swift */ = {isa = PBXFileReference; lastKnownFileType = sourcecode.swift; path = SignUpView.swift; sourceTree = "<group>"; };
		09EF45A22787B81B0040623F /* String + Extension.swift */ = {isa = PBXFileReference; lastKnownFileType = sourcecode.swift; path = "String + Extension.swift"; sourceTree = "<group>"; };
/* End PBXFileReference section */

/* Begin PBXFrameworksBuildPhase section */
		09D7FD362758FF83000A98C9 /* Frameworks */ = {
			isa = PBXFrameworksBuildPhase;
			buildActionMask = 2147483647;
			files = (
				09BDFA5F2799B32800F91DB0 /* Kingfisher in Frameworks */,
				096DAA492797128F003F5366 /* SPAlert in Frameworks */,
				090F0E0627837B510097FC8D /* SwiftKeychainWrapper in Frameworks */,
				09D7FDB8275CDE9C000A98C9 /* Alamofire in Frameworks */,
			);
			runOnlyForDeploymentPostprocessing = 0;
		};
		09D7FD4C2758FF85000A98C9 /* Frameworks */ = {
			isa = PBXFrameworksBuildPhase;
			buildActionMask = 2147483647;
			files = (
			);
			runOnlyForDeploymentPostprocessing = 0;
		};
		09D7FD562758FF85000A98C9 /* Frameworks */ = {
			isa = PBXFrameworksBuildPhase;
			buildActionMask = 2147483647;
			files = (
			);
			runOnlyForDeploymentPostprocessing = 0;
		};
/* End PBXFrameworksBuildPhase section */

/* Begin PBXGroup section */
		09064C8D27864A2200E605A6 /* Storage */ = {
			isa = PBXGroup;
			children = (
				09064C8B27864A1A00E605A6 /* UserDefaultsStorage.swift */,
				09064C9027864BA300E605A6 /* KeychainStorage.swift */,
				09064C8E27864AD200E605A6 /* AppData.swift */,
			);
			path = Storage;
			sourceTree = "<group>";
		};
		09064C9427866AE000E605A6 /* Presenters */ = {
			isa = PBXGroup;
			children = (
				09B7FF7F275D077F000E1B5F /* AuthPresenter.swift */,
				09064C9B2786762700E605A6 /* SignUpPresenter.swift */,
				09404BB7278F4F3300A925AF /* HomePresenter.swift */,
				09404BBF278F4FBB00A925AF /* CatalogPresenter.swift */,
				09404BCB278F508B00A925AF /* ProfilePresenter.swift */,
				09B4F7142794BA4E0035CD79 /* SettingsPresenter.swift */,
			);
			path = Presenters;
			sourceTree = "<group>";
		};
		09064C9527866D2600E605A6 /* SignUp */ = {
			isa = PBXGroup;
			children = (
				09EAE7812787496C00D825BB /* SignUpView.swift */,
				09064C9627866D3600E605A6 /* SignUpViewController.swift */,
			);
			path = SignUp;
			sourceTree = "<group>";
		};
		09064C98278673D800E605A6 /* Home */ = {
			isa = PBXGroup;
			children = (
				09BDFA662799E8E900F91DB0 /* Header */,
				09BDFA5A2799B23700F91DB0 /* Cells */,
				09BB085627987F1300D791B4 /* HomeView.swift */,
				09064C9227864D1200E605A6 /* HomeViewController.swift */,
			);
			path = Home;
			sourceTree = "<group>";
		};
		09222F1A27834ED900505598 /* NoConnection */ = {
			isa = PBXGroup;
			children = (
				09222F1B27834F8100505598 /* NoConnectionViewController.swift */,
			);
			path = NoConnection;
			sourceTree = "<group>";
		};
		09404BAF278F3EB600A925AF /* MainSceneTabbar */ = {
			isa = PBXGroup;
			children = (
				09404BB0278F3EC900A925AF /* MainTabBarController.swift */,
			);
			path = MainSceneTabbar;
			sourceTree = "<group>";
		};
		09404BB4278F4EBD00A925AF /* Routers */ = {
			isa = PBXGroup;
			children = (
				09404BB5278F4EC800A925AF /* HomeRouter.swift */,
				09404BC5278F4FFE00A925AF /* ProfileRouter.swift */,
			);
			path = Routers;
			sourceTree = "<group>";
		};
		09404BB9278F4F6900A925AF /* Product */ = {
			isa = PBXGroup;
			children = (
				09404BBA278F4F7800A925AF /* ProductViewController.swift */,
			);
			path = Product;
			sourceTree = "<group>";
		};
		09404BBC278F4F9600A925AF /* Catalog */ = {
			isa = PBXGroup;
			children = (
				096CDD8C279B19770097988A /* CatalogView.swift */,
				09404BBD278F4FA400A925AF /* CatalogViewController.swift */,
			);
			path = Catalog;
			sourceTree = "<group>";
		};
		09404BC7278F503C00A925AF /* Profile */ = {
			isa = PBXGroup;
			children = (
				098323B32791497500C21054 /* ProfileView.swift */,
				09404BC9278F507700A925AF /* ProfileViewController.swift */,
			);
			path = Profile;
			sourceTree = "<group>";
		};
		09404BC8278F505F00A925AF /* Cart */ = {
			isa = PBXGroup;
			children = (
				09404BC1278F4FDF00A925AF /* CartViewController.swift */,
			);
			path = Cart;
			sourceTree = "<group>";
		};
		09404BCD278F739C00A925AF /* Protocols */ = {
			isa = PBXGroup;
			children = (
				09D7FDAC275CDDB2000A98C9 /* AuthRequestFactory.swift */,
				091A1DCC275D490C00E62B25 /* UserRequestFactory.swift */,
				09BDFA602799E0B600F91DB0 /* HomeRequestFactory.swift */,
				0929747A27613BDD00ABF4A2 /* ProductRequestFactory.swift */,
				09743B2C276CCD070030AAE0 /* FeedbackRequestFactory.swift */,
			);
			path = Protocols;
			sourceTree = "<group>";
		};
		0962F59C2794AD9700A9D954 /* Settings */ = {
			isa = PBXGroup;
			children = (
				0962F59F2794AE1300A9D954 /* SettingsView.swift */,
				0962F59D2794AE0500A9D954 /* SettingsViewController.swift */,
			);
			path = Settings;
			sourceTree = "<group>";
		};
		099B34EA275FC3B400D8D8D3 /* TestPlanes */ = {
			isa = PBXGroup;
			children = (
				099B34E9275FC39A00D8D8D3 /* Unit.xctestplan */,
				099B34EB275FC97C00D8D8D3 /* UI.xctestplan */,
				099B34EC275FCB1900D8D8D3 /* Full.xctestplan */,
			);
			path = TestPlanes;
			sourceTree = "<group>";
		};
		09B03396276CD3BE00F68070 /* Result */ = {
			isa = PBXGroup;
			children = (
				09D7FDB2275CDDDF000A98C9 /* LoginResult.swift */,
				091A1DCE275D49D800E62B25 /* DefaultResult.swift */,
				091A1DD0275D4A0F00E62B25 /* ChangeUserDataResult.swift */,
				091A1DD2275D4A3700E62B25 /* LogoutResult.swift */,
				09D7FDB4275CDDE6000A98C9 /* ProfileResult.swift */,
				099B34E7275E618700D8D8D3 /* UserResult.swift */,
				0929747827613A5C00ABF4A2 /* CatalogResult.swift */,
				0929747C27613C1300ABF4A2 /* ProductResult.swift */,
				09743B2E276CCF000030AAE0 /* FeedbackResult.swift */,
				098323B72791E86A00C21054 /* CardInfoResult.swift */,
				09B4F7162795D03F0035CD79 /* UserInfoResult.swift */,
				09BDFA642799E25F00F91DB0 /* HomeResult.swift */,
			);
			path = Result;
			sourceTree = "<group>";
		};
		09B7FF81275D12C7000E1B5F /* Builders */ = {
			isa = PBXGroup;
			children = (
				09404BB2278F4E7900A925AF /* Builders.swift */,
			);
			path = Builders;
			sourceTree = "<group>";
		};
		09B7FF87275D20DA000E1B5F /* AppDelegate */ = {
			isa = PBXGroup;
			children = (
				09D7FD3C2758FF83000A98C9 /* AppDelegate.swift */,
				09D7FD3E2758FF83000A98C9 /* SceneDelegate.swift */,
			);
			path = AppDelegate;
			sourceTree = "<group>";
		};
		09B7FF88275D408B000E1B5F /* Helpers */ = {
			isa = PBXGroup;
			children = (
				09D8DA652783CBFA005BBF3F /* Extensions */,
				09222F182783348700505598 /* LogMessage.swift */,
				09289F1327837CB6001B5830 /* Constant.swift */,
				090EDF51278522380099295D /* OneLineTextField.swift */,
			);
			path = Helpers;
			sourceTree = "<group>";
		};
		09BDFA5A2799B23700F91DB0 /* Cells */ = {
			isa = PBXGroup;
			children = (
				09BDFA5B2799B24900F91DB0 /* AdsBannerViewCell.swift */,
				095535BA2799EAA700041776 /* CategoryViewCell.swift */,
				095535BC279A107800041776 /* ArticleViewCell.swift */,
				096CDD8F279B1F2A0097988A /* ProductViewCell.swift */,
			);
			path = Cells;
			sourceTree = "<group>";
		};
		09BDFA662799E8E900F91DB0 /* Header */ = {
			isa = PBXGroup;
			children = (
				095535B82799E91700041776 /* HomeTitleHeaderView.swift */,
			);
			path = Header;
			sourceTree = "<group>";
		};
		09D7FD302758FF83000A98C9 = {
			isa = PBXGroup;
			children = (
				09D7FD3B2758FF83000A98C9 /* Shop */,
				099B34EA275FC3B400D8D8D3 /* TestPlanes */,
				09D7FD522758FF85000A98C9 /* ShopTests */,
				09D7FD5C2758FF85000A98C9 /* ShopUITests */,
				09D7FD3A2758FF83000A98C9 /* Products */,
			);
			sourceTree = "<group>";
		};
		09D7FD3A2758FF83000A98C9 /* Products */ = {
			isa = PBXGroup;
			children = (
				09D7FD392758FF83000A98C9 /* Shop.app */,
				09D7FD4F2758FF85000A98C9 /* ShopTests.xctest */,
				09D7FD592758FF85000A98C9 /* ShopUITests.xctest */,
			);
			name = Products;
			sourceTree = "<group>";
		};
		09D7FD3B2758FF83000A98C9 /* Shop */ = {
			isa = PBXGroup;
			children = (
				09D7FD6F27590AEE000A98C9 /* Core */,
				09D7FD6C27590AB1000A98C9 /* App */,
				09D7FD6E27590ADC000A98C9 /* Resources */,
				09D7FD6D27590AB8000A98C9 /* Environments */,
			);
			path = Shop;
			sourceTree = "<group>";
		};
		09D7FD522758FF85000A98C9 /* ShopTests */ = {
			isa = PBXGroup;
			children = (
				094E81F62761142100710310 /* AuthRequestTests.swift */,
				094E81F82761143600710310 /* UserRequestsTests.swift */,
				09229A5B2761380D00DA4A69 /* ProductRequestTests.swift */,
				09743B2A276CCC480030AAE0 /* FeedbackRequestTests.swift */,
				098323B12790B9C800C21054 /* RegexTests.swift */,
			);
			path = ShopTests;
			sourceTree = "<group>";
		};
		09D7FD5C2758FF85000A98C9 /* ShopUITests */ = {
			isa = PBXGroup;
			children = (
				09D7FD5D2758FF85000A98C9 /* ShopUITests.swift */,
				09D7FD5F2758FF85000A98C9 /* ShopUITestsLaunchTests.swift */,
			);
			path = ShopUITests;
			sourceTree = "<group>";
		};
		09D7FD6C27590AB1000A98C9 /* App */ = {
			isa = PBXGroup;
			children = (
				09B7FF87275D20DA000E1B5F /* AppDelegate */,
				09D7FD7327590B14000A98C9 /* Flows */,
				09D7FD7227590B0B000A98C9 /* Assembly */,
				09D7FD7127590B04000A98C9 /* Entity */,
				09D7FD7027590AFC000A98C9 /* BusinessLogic */,
			);
			path = App;
			sourceTree = "<group>";
		};
		09D7FD6D27590AB8000A98C9 /* Environments */ = {
			isa = PBXGroup;
			children = (
				09D7FD4A2758FF85000A98C9 /* Info.plist */,
			);
			path = Environments;
			sourceTree = "<group>";
		};
		09D7FD6E27590ADC000A98C9 /* Resources */ = {
			isa = PBXGroup;
			children = (
				09D7FD452758FF85000A98C9 /* Assets.xcassets */,
				09D7FD472758FF85000A98C9 /* LaunchScreen.storyboard */,
			);
			path = Resources;
			sourceTree = "<group>";
		};
		09D7FD6F27590AEE000A98C9 /* Core */ = {
			isa = PBXGroup;
			children = (
				09B7FF88275D408B000E1B5F /* Helpers */,
				09D7FDA0275CDB89000A98C9 /* Network */,
			);
			path = Core;
			sourceTree = "<group>";
		};
		09D7FD7027590AFC000A98C9 /* BusinessLogic */ = {
			isa = PBXGroup;
			children = (
				09404BAD278F39B400A925AF /* AppManager.swift */,
				09404BB4278F4EBD00A925AF /* Routers */,
				09064C9427866AE000E605A6 /* Presenters */,
				09D7FDAB275CDD93000A98C9 /* Network */,
				09064C8D27864A2200E605A6 /* Storage */,
			);
			path = BusinessLogic;
			sourceTree = "<group>";
		};
		09D7FD7127590B04000A98C9 /* Entity */ = {
			isa = PBXGroup;
			children = (
				09B03396276CD3BE00F68070 /* Result */,
				09D5DBA5276A33A90072252C /* Product.swift */,
				096DAA452796FD6E003F5366 /* Tag.swift */,
				092E7F0627971992007AE74C /* UpdateUser.swift */,
			);
			path = Entity;
			sourceTree = "<group>";
		};
		09D7FD7227590B0B000A98C9 /* Assembly */ = {
			isa = PBXGroup;
			children = (
			);
			path = Assembly;
			sourceTree = "<group>";
		};
		09D7FD7327590B14000A98C9 /* Flows */ = {
			isa = PBXGroup;
			children = (
				098323B527914A9600C21054 /* ViewSpecificController.swift */,
				09B7FF81275D12C7000E1B5F /* Builders */,
				09222F1A27834ED900505598 /* NoConnection */,
				09D7FDBA275D0614000A98C9 /* Auth */,
				09064C9527866D2600E605A6 /* SignUp */,
				09404BAF278F3EB600A925AF /* MainSceneTabbar */,
				09064C98278673D800E605A6 /* Home */,
				09404BBC278F4F9600A925AF /* Catalog */,
				09404BB9278F4F6900A925AF /* Product */,
				09404BC8278F505F00A925AF /* Cart */,
				09404BC7278F503C00A925AF /* Profile */,
				0962F59C2794AD9700A9D954 /* Settings */,
			);
			path = Flows;
			sourceTree = "<group>";
		};
		09D7FDA0275CDB89000A98C9 /* Network */ = {
			isa = PBXGroup;
			children = (
				09D7FDA1275CDC3E000A98C9 /* AbstractErrorParser.swift */,
				09D7FDA3275CDCC7000A98C9 /* ErrorParser.swift */,
				09D7FDA5275CDCD4000A98C9 /* ResponseCodable.swift */,
				09D7FDA7275CDCEF000A98C9 /* AbstractRequestFactory.swift */,
				09D7FDA9275CDD01000A98C9 /* RequestRouter.swift */,
			);
			path = Network;
			sourceTree = "<group>";
		};
		09D7FDAB275CDD93000A98C9 /* Network */ = {
			isa = PBXGroup;
			children = (
				09404BCD278F739C00A925AF /* Protocols */,
				091A1DDA275E00E300E62B25 /* BaseStoreRequest.swift */,
				09D7FDAE275CDDBF000A98C9 /* Auth.swift */,
				091A1DD8275DF8FF00E62B25 /* ProfileUser.swift */,
				09BDFA622799E16A00F91DB0 /* Home.swift */,
				0980C3B727613E8D00EDEB76 /* ProductShop.swift */,
				09B03397276CD65000F68070 /* ProductFeedback.swift */,
				09D7FDB0275CDDC9000A98C9 /* RequestFactroy.swift */,
			);
			path = Network;
			sourceTree = "<group>";
		};
		09D7FDBA275D0614000A98C9 /* Auth */ = {
			isa = PBXGroup;
			children = (
				09D7FD402758FF83000A98C9 /* AuthViewController.swift */,
			);
			path = Auth;
			sourceTree = "<group>";
		};
		09D8DA652783CBFA005BBF3F /* Extensions */ = {
			isa = PBXGroup;
			children = (
				09B7FF89275D40EC000E1B5F /* UIViewController + Extension.swift */,
				09289F3D2783B55A001B5830 /* URL + Extension.swift */,
				090EDF532785225F0099295D /* UIFont + Extension.swift */,
				090EDF55278522900099295D /* UIColor + Extension.swift */,
				090EDF57278522B10099295D /* UILabel + Extension.swift */,
				090EDF59278523850099295D /* UIButton + Extension.swift */,
				090EDF5B2785256F0099295D /* UIStackView + Extension.swift */,
				09EF45A22787B81B0040623F /* String + Extension.swift */,
				09AD78012793215F004A2D53 /* StringProtocol + Extension.swift */,
			);
			path = Extensions;
			sourceTree = "<group>";
		};
/* End PBXGroup section */

/* Begin PBXNativeTarget section */
		09D7FD382758FF83000A98C9 /* Shop */ = {
			isa = PBXNativeTarget;
			buildConfigurationList = 09D7FD632758FF85000A98C9 /* Build configuration list for PBXNativeTarget "Shop" */;
			buildPhases = (
				0955899B276E43A4008FFE1A /* Run SwiftLint */,
				09D7FD352758FF83000A98C9 /* Sources */,
				09D7FD362758FF83000A98C9 /* Frameworks */,
				09D7FD372758FF83000A98C9 /* Resources */,
			);
			buildRules = (
			);
			dependencies = (
			);
			name = Shop;
			packageProductDependencies = (
				09D7FDB7275CDE9C000A98C9 /* Alamofire */,
				090F0E0527837B510097FC8D /* SwiftKeychainWrapper */,
				096DAA482797128F003F5366 /* SPAlert */,
				09BDFA5E2799B32800F91DB0 /* Kingfisher */,
			);
			productName = Shop;
			productReference = 09D7FD392758FF83000A98C9 /* Shop.app */;
			productType = "com.apple.product-type.application";
		};
		09D7FD4E2758FF85000A98C9 /* ShopTests */ = {
			isa = PBXNativeTarget;
			buildConfigurationList = 09D7FD662758FF85000A98C9 /* Build configuration list for PBXNativeTarget "ShopTests" */;
			buildPhases = (
				09D7FD4B2758FF85000A98C9 /* Sources */,
				09D7FD4C2758FF85000A98C9 /* Frameworks */,
				09D7FD4D2758FF85000A98C9 /* Resources */,
			);
			buildRules = (
			);
			dependencies = (
				09D7FD512758FF85000A98C9 /* PBXTargetDependency */,
			);
			name = ShopTests;
			productName = ShopTests;
			productReference = 09D7FD4F2758FF85000A98C9 /* ShopTests.xctest */;
			productType = "com.apple.product-type.bundle.unit-test";
		};
		09D7FD582758FF85000A98C9 /* ShopUITests */ = {
			isa = PBXNativeTarget;
			buildConfigurationList = 09D7FD692758FF85000A98C9 /* Build configuration list for PBXNativeTarget "ShopUITests" */;
			buildPhases = (
				09D7FD552758FF85000A98C9 /* Sources */,
				09D7FD562758FF85000A98C9 /* Frameworks */,
				09D7FD572758FF85000A98C9 /* Resources */,
			);
			buildRules = (
			);
			dependencies = (
				09D7FD5B2758FF85000A98C9 /* PBXTargetDependency */,
			);
			name = ShopUITests;
			productName = ShopUITests;
			productReference = 09D7FD592758FF85000A98C9 /* ShopUITests.xctest */;
			productType = "com.apple.product-type.bundle.ui-testing";
		};
/* End PBXNativeTarget section */

/* Begin PBXProject section */
		09D7FD312758FF83000A98C9 /* Project object */ = {
			isa = PBXProject;
			attributes = {
				BuildIndependentTargetsInParallel = 1;
				LastSwiftUpdateCheck = 1310;
				LastUpgradeCheck = 1310;
				TargetAttributes = {
					09D7FD382758FF83000A98C9 = {
						CreatedOnToolsVersion = 13.1;
					};
					09D7FD4E2758FF85000A98C9 = {
						CreatedOnToolsVersion = 13.1;
						TestTargetID = 09D7FD382758FF83000A98C9;
					};
					09D7FD582758FF85000A98C9 = {
						CreatedOnToolsVersion = 13.1;
						TestTargetID = 09D7FD382758FF83000A98C9;
					};
				};
			};
			buildConfigurationList = 09D7FD342758FF83000A98C9 /* Build configuration list for PBXProject "Shop" */;
			compatibilityVersion = "Xcode 13.0";
			developmentRegion = en;
			hasScannedForEncodings = 0;
			knownRegions = (
				en,
				Base,
			);
			mainGroup = 09D7FD302758FF83000A98C9;
			packageReferences = (
				09D7FDB6275CDE9C000A98C9 /* XCRemoteSwiftPackageReference "Alamofire" */,
				090F0E0427837B510097FC8D /* XCRemoteSwiftPackageReference "SwiftKeychainWrapper" */,
				096DAA472797128F003F5366 /* XCRemoteSwiftPackageReference "SPAlert" */,
				09BDFA5D2799B32800F91DB0 /* XCRemoteSwiftPackageReference "Kingfisher" */,
			);
			productRefGroup = 09D7FD3A2758FF83000A98C9 /* Products */;
			projectDirPath = "";
			projectRoot = "";
			targets = (
				09D7FD382758FF83000A98C9 /* Shop */,
				09D7FD4E2758FF85000A98C9 /* ShopTests */,
				09D7FD582758FF85000A98C9 /* ShopUITests */,
			);
		};
/* End PBXProject section */

/* Begin PBXResourcesBuildPhase section */
		09D7FD372758FF83000A98C9 /* Resources */ = {
			isa = PBXResourcesBuildPhase;
			buildActionMask = 2147483647;
			files = (
				09D7FD492758FF85000A98C9 /* LaunchScreen.storyboard in Resources */,
				09D7FD462758FF85000A98C9 /* Assets.xcassets in Resources */,
			);
			runOnlyForDeploymentPostprocessing = 0;
		};
		09D7FD4D2758FF85000A98C9 /* Resources */ = {
			isa = PBXResourcesBuildPhase;
			buildActionMask = 2147483647;
			files = (
			);
			runOnlyForDeploymentPostprocessing = 0;
		};
		09D7FD572758FF85000A98C9 /* Resources */ = {
			isa = PBXResourcesBuildPhase;
			buildActionMask = 2147483647;
			files = (
			);
			runOnlyForDeploymentPostprocessing = 0;
		};
/* End PBXResourcesBuildPhase section */

/* Begin PBXShellScriptBuildPhase section */
		0955899B276E43A4008FFE1A /* Run SwiftLint */ = {
			isa = PBXShellScriptBuildPhase;
			buildActionMask = 2147483647;
			files = (
			);
			inputFileListPaths = (
			);
			inputPaths = (
			);
			name = "Run SwiftLint";
			outputFileListPaths = (
			);
			outputPaths = (
			);
			runOnlyForDeploymentPostprocessing = 0;
			shellPath = /bin/sh;
			shellScript = "if test -d \"/opt/homebrew/bin/\"; then\n  PATH=\"/opt/homebrew/bin/:${PATH}\"\nfi\n\nexport PATH\n\nif which swiftlint >/dev/null; then\n  swiftlint\nelse\n  echo \"warning: SwiftLint not installed, download from https://github.com/realm/SwiftLint\"\nfi\n";
		};
/* End PBXShellScriptBuildPhase section */

/* Begin PBXSourcesBuildPhase section */
		09D7FD352758FF83000A98C9 /* Sources */ = {
			isa = PBXSourcesBuildPhase;
			buildActionMask = 2147483647;
			files = (
				095535B92799E91700041776 /* HomeTitleHeaderView.swift in Sources */,
				09404BB1278F3EC900A925AF /* MainTabBarController.swift in Sources */,
				096CDD90279B1F2A0097988A /* ProductViewCell.swift in Sources */,
				09B4F7172795D03F0035CD79 /* UserInfoResult.swift in Sources */,
				09222F1C27834F8100505598 /* NoConnectionViewController.swift in Sources */,
				090EDF52278522380099295D /* OneLineTextField.swift in Sources */,
				09404BB8278F4F3300A925AF /* HomePresenter.swift in Sources */,
				09B4F7152794BA4E0035CD79 /* SettingsPresenter.swift in Sources */,
				0929747927613A5C00ABF4A2 /* CatalogResult.swift in Sources */,
				09D7FDB5275CDDE6000A98C9 /* ProfileResult.swift in Sources */,
				09404BCA278F507700A925AF /* ProfileViewController.swift in Sources */,
				09404BB3278F4E7900A925AF /* Builders.swift in Sources */,
				090EDF5A278523850099295D /* UIButton + Extension.swift in Sources */,
				09EF45A32787B81B0040623F /* String + Extension.swift in Sources */,
				090EDF58278522B10099295D /* UILabel + Extension.swift in Sources */,
				09B7FF8A275D40EC000E1B5F /* UIViewController + Extension.swift in Sources */,
				09EAE7822787496C00D825BB /* SignUpView.swift in Sources */,
				09404BC6278F4FFE00A925AF /* ProfileRouter.swift in Sources */,
				09743B2F276CCF000030AAE0 /* FeedbackResult.swift in Sources */,
				09D7FDB3275CDDDF000A98C9 /* LoginResult.swift in Sources */,
				09D7FDAA275CDD01000A98C9 /* RequestRouter.swift in Sources */,
				09D7FDA8275CDCEF000A98C9 /* AbstractRequestFactory.swift in Sources */,
				090EDF542785225F0099295D /* UIFont + Extension.swift in Sources */,
				092E7F0727971992007AE74C /* UpdateUser.swift in Sources */,
				0980C3B827613E8D00EDEB76 /* ProductShop.swift in Sources */,
				09BDFA652799E25F00F91DB0 /* HomeResult.swift in Sources */,
				09289F1427837CB6001B5830 /* Constant.swift in Sources */,
				0962F5A02794AE1300A9D954 /* SettingsView.swift in Sources */,
				098323B42791497500C21054 /* ProfileView.swift in Sources */,
				091A1DD1275D4A0F00E62B25 /* ChangeUserDataResult.swift in Sources */,
				0962F59E2794AE0500A9D954 /* SettingsViewController.swift in Sources */,
				090EDF56278522900099295D /* UIColor + Extension.swift in Sources */,
				09AD78022793215F004A2D53 /* StringProtocol + Extension.swift in Sources */,
				09404BC0278F4FBB00A925AF /* CatalogPresenter.swift in Sources */,
				09D7FDA4275CDCC7000A98C9 /* ErrorParser.swift in Sources */,
				09B7FF80275D077F000E1B5F /* AuthPresenter.swift in Sources */,
				09BDFA612799E0B600F91DB0 /* HomeRequestFactory.swift in Sources */,
				096CDD8D279B19770097988A /* CatalogView.swift in Sources */,
				09D7FDA6275CDCD4000A98C9 /* ResponseCodable.swift in Sources */,
				091A1DDB275E00E300E62B25 /* BaseStoreRequest.swift in Sources */,
				09BDFA5C2799B24900F91DB0 /* AdsBannerViewCell.swift in Sources */,
				09064C9327864D1200E605A6 /* HomeViewController.swift in Sources */,
				09B03398276CD65000F68070 /* ProductFeedback.swift in Sources */,
				09064C9C2786762700E605A6 /* SignUpPresenter.swift in Sources */,
				09404BBB278F4F7800A925AF /* ProductViewController.swift in Sources */,
				095535BD279A107800041776 /* ArticleViewCell.swift in Sources */,
				09222F192783348700505598 /* LogMessage.swift in Sources */,
				09404BAE278F39B400A925AF /* AppManager.swift in Sources */,
				0929747B27613BDD00ABF4A2 /* ProductRequestFactory.swift in Sources */,
				09404BB6278F4EC800A925AF /* HomeRouter.swift in Sources */,
				09D7FD412758FF83000A98C9 /* AuthViewController.swift in Sources */,
				098323B627914A9600C21054 /* ViewSpecificController.swift in Sources */,
				09064C9727866D3600E605A6 /* SignUpViewController.swift in Sources */,
				09D5DBA6276A33A90072252C /* Product.swift in Sources */,
				09D7FDAF275CDDBF000A98C9 /* Auth.swift in Sources */,
				091A1DD9275DF8FF00E62B25 /* ProfileUser.swift in Sources */,
				099B34E8275E618700D8D8D3 /* UserResult.swift in Sources */,
				091A1DD3275D4A3700E62B25 /* LogoutResult.swift in Sources */,
				095535BB2799EAA700041776 /* CategoryViewCell.swift in Sources */,
				09064C8F27864AD200E605A6 /* AppData.swift in Sources */,
				09D7FDAD275CDDB2000A98C9 /* AuthRequestFactory.swift in Sources */,
				0929747D27613C1300ABF4A2 /* ProductResult.swift in Sources */,
				090EDF5C2785256F0099295D /* UIStackView + Extension.swift in Sources */,
				09743B2D276CCD070030AAE0 /* FeedbackRequestFactory.swift in Sources */,
				09D7FD3D2758FF83000A98C9 /* AppDelegate.swift in Sources */,
				09404BCC278F508B00A925AF /* ProfilePresenter.swift in Sources */,
				091A1DCF275D49D800E62B25 /* DefaultResult.swift in Sources */,
				098323B82791E86A00C21054 /* CardInfoResult.swift in Sources */,
				09289F3E2783B55A001B5830 /* URL + Extension.swift in Sources */,
				096DAA462796FD6E003F5366 /* Tag.swift in Sources */,
				09BDFA632799E16A00F91DB0 /* Home.swift in Sources */,
				09D7FD3F2758FF83000A98C9 /* SceneDelegate.swift in Sources */,
				09064C8C27864A1A00E605A6 /* UserDefaultsStorage.swift in Sources */,
				09BB085727987F1300D791B4 /* HomeView.swift in Sources */,
				09D7FDA2275CDC3E000A98C9 /* AbstractErrorParser.swift in Sources */,
				09404BBE278F4FA400A925AF /* CatalogViewController.swift in Sources */,
				09404BC2278F4FDF00A925AF /* CartViewController.swift in Sources */,
				09064C9127864BA300E605A6 /* KeychainStorage.swift in Sources */,
				09D7FDB1275CDDC9000A98C9 /* RequestFactroy.swift in Sources */,
				091A1DCD275D490C00E62B25 /* UserRequestFactory.swift in Sources */,
			);
			runOnlyForDeploymentPostprocessing = 0;
		};
		09D7FD4B2758FF85000A98C9 /* Sources */ = {
			isa = PBXSourcesBuildPhase;
			buildActionMask = 2147483647;
			files = (
				094E81F72761142100710310 /* AuthRequestTests.swift in Sources */,
				09229A5C2761380D00DA4A69 /* ProductRequestTests.swift in Sources */,
				09743B2B276CCC480030AAE0 /* FeedbackRequestTests.swift in Sources */,
				094E81F92761143600710310 /* UserRequestsTests.swift in Sources */,
				098323B22790B9C800C21054 /* RegexTests.swift in Sources */,
			);
			runOnlyForDeploymentPostprocessing = 0;
		};
		09D7FD552758FF85000A98C9 /* Sources */ = {
			isa = PBXSourcesBuildPhase;
			buildActionMask = 2147483647;
			files = (
				09D7FD602758FF85000A98C9 /* ShopUITestsLaunchTests.swift in Sources */,
				09D7FD5E2758FF85000A98C9 /* ShopUITests.swift in Sources */,
			);
			runOnlyForDeploymentPostprocessing = 0;
		};
/* End PBXSourcesBuildPhase section */

/* Begin PBXTargetDependency section */
		09D7FD512758FF85000A98C9 /* PBXTargetDependency */ = {
			isa = PBXTargetDependency;
			target = 09D7FD382758FF83000A98C9 /* Shop */;
			targetProxy = 09D7FD502758FF85000A98C9 /* PBXContainerItemProxy */;
		};
		09D7FD5B2758FF85000A98C9 /* PBXTargetDependency */ = {
			isa = PBXTargetDependency;
			target = 09D7FD382758FF83000A98C9 /* Shop */;
			targetProxy = 09D7FD5A2758FF85000A98C9 /* PBXContainerItemProxy */;
		};
/* End PBXTargetDependency section */

/* Begin PBXVariantGroup section */
		09D7FD472758FF85000A98C9 /* LaunchScreen.storyboard */ = {
			isa = PBXVariantGroup;
			children = (
				09D7FD482758FF85000A98C9 /* Base */,
			);
			name = LaunchScreen.storyboard;
			sourceTree = "<group>";
		};
/* End PBXVariantGroup section */

/* Begin XCBuildConfiguration section */
		09D7FD612758FF85000A98C9 /* Debug */ = {
			isa = XCBuildConfiguration;
			buildSettings = {
				ALWAYS_SEARCH_USER_PATHS = NO;
				CLANG_ANALYZER_NONNULL = YES;
				CLANG_ANALYZER_NUMBER_OBJECT_CONVERSION = YES_AGGRESSIVE;
				CLANG_CXX_LANGUAGE_STANDARD = "gnu++17";
				CLANG_CXX_LIBRARY = "libc++";
				CLANG_ENABLE_MODULES = YES;
				CLANG_ENABLE_OBJC_ARC = YES;
				CLANG_ENABLE_OBJC_WEAK = YES;
				CLANG_WARN_BLOCK_CAPTURE_AUTORELEASING = YES;
				CLANG_WARN_BOOL_CONVERSION = YES;
				CLANG_WARN_COMMA = YES;
				CLANG_WARN_CONSTANT_CONVERSION = YES;
				CLANG_WARN_DEPRECATED_OBJC_IMPLEMENTATIONS = YES;
				CLANG_WARN_DIRECT_OBJC_ISA_USAGE = YES_ERROR;
				CLANG_WARN_DOCUMENTATION_COMMENTS = YES;
				CLANG_WARN_EMPTY_BODY = YES;
				CLANG_WARN_ENUM_CONVERSION = YES;
				CLANG_WARN_INFINITE_RECURSION = YES;
				CLANG_WARN_INT_CONVERSION = YES;
				CLANG_WARN_NON_LITERAL_NULL_CONVERSION = YES;
				CLANG_WARN_OBJC_IMPLICIT_RETAIN_SELF = YES;
				CLANG_WARN_OBJC_LITERAL_CONVERSION = YES;
				CLANG_WARN_OBJC_ROOT_CLASS = YES_ERROR;
				CLANG_WARN_QUOTED_INCLUDE_IN_FRAMEWORK_HEADER = YES;
				CLANG_WARN_RANGE_LOOP_ANALYSIS = YES;
				CLANG_WARN_STRICT_PROTOTYPES = YES;
				CLANG_WARN_SUSPICIOUS_MOVE = YES;
				CLANG_WARN_UNGUARDED_AVAILABILITY = YES_AGGRESSIVE;
				CLANG_WARN_UNREACHABLE_CODE = YES;
				CLANG_WARN__DUPLICATE_METHOD_MATCH = YES;
				COPY_PHASE_STRIP = NO;
				DEBUG_INFORMATION_FORMAT = dwarf;
				ENABLE_STRICT_OBJC_MSGSEND = YES;
				ENABLE_TESTABILITY = YES;
				GCC_C_LANGUAGE_STANDARD = gnu11;
				GCC_DYNAMIC_NO_PIC = NO;
				GCC_NO_COMMON_BLOCKS = YES;
				GCC_OPTIMIZATION_LEVEL = 0;
				GCC_PREPROCESSOR_DEFINITIONS = (
					"DEBUG=1",
					"$(inherited)",
				);
				GCC_WARN_64_TO_32_BIT_CONVERSION = YES;
				GCC_WARN_ABOUT_RETURN_TYPE = YES_ERROR;
				GCC_WARN_UNDECLARED_SELECTOR = YES;
				GCC_WARN_UNINITIALIZED_AUTOS = YES_AGGRESSIVE;
				GCC_WARN_UNUSED_FUNCTION = YES;
				GCC_WARN_UNUSED_VARIABLE = YES;
				IPHONEOS_DEPLOYMENT_TARGET = 14.0;
				MTL_ENABLE_DEBUG_INFO = INCLUDE_SOURCE;
				MTL_FAST_MATH = YES;
				ONLY_ACTIVE_ARCH = YES;
				SDKROOT = iphoneos;
				SWIFT_ACTIVE_COMPILATION_CONDITIONS = DEBUG;
				SWIFT_OPTIMIZATION_LEVEL = "-Onone";
			};
			name = Debug;
		};
		09D7FD622758FF85000A98C9 /* Release */ = {
			isa = XCBuildConfiguration;
			buildSettings = {
				ALWAYS_SEARCH_USER_PATHS = NO;
				CLANG_ANALYZER_NONNULL = YES;
				CLANG_ANALYZER_NUMBER_OBJECT_CONVERSION = YES_AGGRESSIVE;
				CLANG_CXX_LANGUAGE_STANDARD = "gnu++17";
				CLANG_CXX_LIBRARY = "libc++";
				CLANG_ENABLE_MODULES = YES;
				CLANG_ENABLE_OBJC_ARC = YES;
				CLANG_ENABLE_OBJC_WEAK = YES;
				CLANG_WARN_BLOCK_CAPTURE_AUTORELEASING = YES;
				CLANG_WARN_BOOL_CONVERSION = YES;
				CLANG_WARN_COMMA = YES;
				CLANG_WARN_CONSTANT_CONVERSION = YES;
				CLANG_WARN_DEPRECATED_OBJC_IMPLEMENTATIONS = YES;
				CLANG_WARN_DIRECT_OBJC_ISA_USAGE = YES_ERROR;
				CLANG_WARN_DOCUMENTATION_COMMENTS = YES;
				CLANG_WARN_EMPTY_BODY = YES;
				CLANG_WARN_ENUM_CONVERSION = YES;
				CLANG_WARN_INFINITE_RECURSION = YES;
				CLANG_WARN_INT_CONVERSION = YES;
				CLANG_WARN_NON_LITERAL_NULL_CONVERSION = YES;
				CLANG_WARN_OBJC_IMPLICIT_RETAIN_SELF = YES;
				CLANG_WARN_OBJC_LITERAL_CONVERSION = YES;
				CLANG_WARN_OBJC_ROOT_CLASS = YES_ERROR;
				CLANG_WARN_QUOTED_INCLUDE_IN_FRAMEWORK_HEADER = YES;
				CLANG_WARN_RANGE_LOOP_ANALYSIS = YES;
				CLANG_WARN_STRICT_PROTOTYPES = YES;
				CLANG_WARN_SUSPICIOUS_MOVE = YES;
				CLANG_WARN_UNGUARDED_AVAILABILITY = YES_AGGRESSIVE;
				CLANG_WARN_UNREACHABLE_CODE = YES;
				CLANG_WARN__DUPLICATE_METHOD_MATCH = YES;
				COPY_PHASE_STRIP = NO;
				DEBUG_INFORMATION_FORMAT = "dwarf-with-dsym";
				ENABLE_NS_ASSERTIONS = NO;
				ENABLE_STRICT_OBJC_MSGSEND = YES;
				GCC_C_LANGUAGE_STANDARD = gnu11;
				GCC_NO_COMMON_BLOCKS = YES;
				GCC_WARN_64_TO_32_BIT_CONVERSION = YES;
				GCC_WARN_ABOUT_RETURN_TYPE = YES_ERROR;
				GCC_WARN_UNDECLARED_SELECTOR = YES;
				GCC_WARN_UNINITIALIZED_AUTOS = YES_AGGRESSIVE;
				GCC_WARN_UNUSED_FUNCTION = YES;
				GCC_WARN_UNUSED_VARIABLE = YES;
				IPHONEOS_DEPLOYMENT_TARGET = 14.0;
				MTL_ENABLE_DEBUG_INFO = NO;
				MTL_FAST_MATH = YES;
				SDKROOT = iphoneos;
				SWIFT_COMPILATION_MODE = wholemodule;
				SWIFT_OPTIMIZATION_LEVEL = "-O";
				VALIDATE_PRODUCT = YES;
			};
			name = Release;
		};
		09D7FD642758FF85000A98C9 /* Debug */ = {
			isa = XCBuildConfiguration;
			buildSettings = {
				ASSETCATALOG_COMPILER_APPICON_NAME = AppIcon;
				ASSETCATALOG_COMPILER_GLOBAL_ACCENT_COLOR_NAME = AccentColor;
				CODE_SIGN_STYLE = Automatic;
				CURRENT_PROJECT_VERSION = 1;
				DEVELOPMENT_TEAM = K9HRPHZ76R;
				GENERATE_INFOPLIST_FILE = YES;
				INFOPLIST_FILE = Shop/Environments/Info.plist;
				INFOPLIST_KEY_UIApplicationSupportsIndirectInputEvents = YES;
				INFOPLIST_KEY_UILaunchStoryboardName = LaunchScreen;
				INFOPLIST_KEY_UISupportedInterfaceOrientations = UIInterfaceOrientationPortrait;
				INFOPLIST_KEY_UISupportedInterfaceOrientations_iPad = "UIInterfaceOrientationPortrait UIInterfaceOrientationPortraitUpsideDown UIInterfaceOrientationLandscapeLeft UIInterfaceOrientationLandscapeRight";
				INFOPLIST_KEY_UISupportedInterfaceOrientations_iPhone = UIInterfaceOrientationPortrait;
				IPHONEOS_DEPLOYMENT_TARGET = 14.0;
				LD_RUNPATH_SEARCH_PATHS = (
					"$(inherited)",
					"@executable_path/Frameworks",
				);
				MARKETING_VERSION = 1.0;
				PRODUCT_BUNDLE_IDENTIFIER = ilyawtesti.Shop;
				PRODUCT_NAME = "$(TARGET_NAME)";
				SWIFT_EMIT_LOC_STRINGS = YES;
				SWIFT_VERSION = 5.0;
				TARGETED_DEVICE_FAMILY = "1,2";
			};
			name = Debug;
		};
		09D7FD652758FF85000A98C9 /* Release */ = {
			isa = XCBuildConfiguration;
			buildSettings = {
				ASSETCATALOG_COMPILER_APPICON_NAME = AppIcon;
				ASSETCATALOG_COMPILER_GLOBAL_ACCENT_COLOR_NAME = AccentColor;
				CODE_SIGN_STYLE = Automatic;
				CURRENT_PROJECT_VERSION = 1;
				DEVELOPMENT_TEAM = K9HRPHZ76R;
				GENERATE_INFOPLIST_FILE = YES;
				INFOPLIST_FILE = Shop/Environments/Info.plist;
				INFOPLIST_KEY_UIApplicationSupportsIndirectInputEvents = YES;
				INFOPLIST_KEY_UILaunchStoryboardName = LaunchScreen;
				INFOPLIST_KEY_UISupportedInterfaceOrientations = UIInterfaceOrientationPortrait;
				INFOPLIST_KEY_UISupportedInterfaceOrientations_iPad = "UIInterfaceOrientationPortrait UIInterfaceOrientationPortraitUpsideDown UIInterfaceOrientationLandscapeLeft UIInterfaceOrientationLandscapeRight";
				INFOPLIST_KEY_UISupportedInterfaceOrientations_iPhone = UIInterfaceOrientationPortrait;
				IPHONEOS_DEPLOYMENT_TARGET = 14.0;
				LD_RUNPATH_SEARCH_PATHS = (
					"$(inherited)",
					"@executable_path/Frameworks",
				);
				MARKETING_VERSION = 1.0;
				PRODUCT_BUNDLE_IDENTIFIER = ilyawtesti.Shop;
				PRODUCT_NAME = "$(TARGET_NAME)";
				SWIFT_EMIT_LOC_STRINGS = YES;
				SWIFT_VERSION = 5.0;
				TARGETED_DEVICE_FAMILY = "1,2";
			};
			name = Release;
		};
		09D7FD672758FF85000A98C9 /* Debug */ = {
			isa = XCBuildConfiguration;
			buildSettings = {
				ALWAYS_EMBED_SWIFT_STANDARD_LIBRARIES = YES;
				BUNDLE_LOADER = "$(TEST_HOST)";
				CODE_SIGN_STYLE = Automatic;
				CURRENT_PROJECT_VERSION = 1;
				DEVELOPMENT_TEAM = K9HRPHZ76R;
				GENERATE_INFOPLIST_FILE = YES;
				IPHONEOS_DEPLOYMENT_TARGET = 15.0;
				LD_RUNPATH_SEARCH_PATHS = (
					"$(inherited)",
					"@executable_path/Frameworks",
					"@loader_path/Frameworks",
				);
				MARKETING_VERSION = 1.0;
				PRODUCT_BUNDLE_IDENTIFIER = ilyawtesti.ShopTests;
				PRODUCT_NAME = "$(TARGET_NAME)";
				SWIFT_EMIT_LOC_STRINGS = NO;
				SWIFT_VERSION = 5.0;
				TARGETED_DEVICE_FAMILY = "1,2";
				TEST_HOST = "$(BUILT_PRODUCTS_DIR)/Shop.app/Shop";
			};
			name = Debug;
		};
		09D7FD682758FF85000A98C9 /* Release */ = {
			isa = XCBuildConfiguration;
			buildSettings = {
				ALWAYS_EMBED_SWIFT_STANDARD_LIBRARIES = YES;
				BUNDLE_LOADER = "$(TEST_HOST)";
				CODE_SIGN_STYLE = Automatic;
				CURRENT_PROJECT_VERSION = 1;
				DEVELOPMENT_TEAM = K9HRPHZ76R;
				GENERATE_INFOPLIST_FILE = YES;
				IPHONEOS_DEPLOYMENT_TARGET = 15.0;
				LD_RUNPATH_SEARCH_PATHS = (
					"$(inherited)",
					"@executable_path/Frameworks",
					"@loader_path/Frameworks",
				);
				MARKETING_VERSION = 1.0;
				PRODUCT_BUNDLE_IDENTIFIER = ilyawtesti.ShopTests;
				PRODUCT_NAME = "$(TARGET_NAME)";
				SWIFT_EMIT_LOC_STRINGS = NO;
				SWIFT_VERSION = 5.0;
				TARGETED_DEVICE_FAMILY = "1,2";
				TEST_HOST = "$(BUILT_PRODUCTS_DIR)/Shop.app/Shop";
			};
			name = Release;
		};
		09D7FD6A2758FF85000A98C9 /* Debug */ = {
			isa = XCBuildConfiguration;
			buildSettings = {
				ALWAYS_EMBED_SWIFT_STANDARD_LIBRARIES = YES;
				CODE_SIGN_STYLE = Automatic;
				CURRENT_PROJECT_VERSION = 1;
				DEVELOPMENT_TEAM = K9HRPHZ76R;
				GENERATE_INFOPLIST_FILE = YES;
				LD_RUNPATH_SEARCH_PATHS = (
					"$(inherited)",
					"@executable_path/Frameworks",
					"@loader_path/Frameworks",
				);
				MARKETING_VERSION = 1.0;
				PRODUCT_BUNDLE_IDENTIFIER = ilyawtesti.ShopUITests;
				PRODUCT_NAME = "$(TARGET_NAME)";
				SWIFT_EMIT_LOC_STRINGS = NO;
				SWIFT_VERSION = 5.0;
				TARGETED_DEVICE_FAMILY = "1,2";
				TEST_TARGET_NAME = Shop;
			};
			name = Debug;
		};
		09D7FD6B2758FF85000A98C9 /* Release */ = {
			isa = XCBuildConfiguration;
			buildSettings = {
				ALWAYS_EMBED_SWIFT_STANDARD_LIBRARIES = YES;
				CODE_SIGN_STYLE = Automatic;
				CURRENT_PROJECT_VERSION = 1;
				DEVELOPMENT_TEAM = K9HRPHZ76R;
				GENERATE_INFOPLIST_FILE = YES;
				LD_RUNPATH_SEARCH_PATHS = (
					"$(inherited)",
					"@executable_path/Frameworks",
					"@loader_path/Frameworks",
				);
				MARKETING_VERSION = 1.0;
				PRODUCT_BUNDLE_IDENTIFIER = ilyawtesti.ShopUITests;
				PRODUCT_NAME = "$(TARGET_NAME)";
				SWIFT_EMIT_LOC_STRINGS = NO;
				SWIFT_VERSION = 5.0;
				TARGETED_DEVICE_FAMILY = "1,2";
				TEST_TARGET_NAME = Shop;
			};
			name = Release;
		};
/* End XCBuildConfiguration section */

/* Begin XCConfigurationList section */
		09D7FD342758FF83000A98C9 /* Build configuration list for PBXProject "Shop" */ = {
			isa = XCConfigurationList;
			buildConfigurations = (
				09D7FD612758FF85000A98C9 /* Debug */,
				09D7FD622758FF85000A98C9 /* Release */,
			);
			defaultConfigurationIsVisible = 0;
			defaultConfigurationName = Release;
		};
		09D7FD632758FF85000A98C9 /* Build configuration list for PBXNativeTarget "Shop" */ = {
			isa = XCConfigurationList;
			buildConfigurations = (
				09D7FD642758FF85000A98C9 /* Debug */,
				09D7FD652758FF85000A98C9 /* Release */,
			);
			defaultConfigurationIsVisible = 0;
			defaultConfigurationName = Release;
		};
		09D7FD662758FF85000A98C9 /* Build configuration list for PBXNativeTarget "ShopTests" */ = {
			isa = XCConfigurationList;
			buildConfigurations = (
				09D7FD672758FF85000A98C9 /* Debug */,
				09D7FD682758FF85000A98C9 /* Release */,
			);
			defaultConfigurationIsVisible = 0;
			defaultConfigurationName = Release;
		};
		09D7FD692758FF85000A98C9 /* Build configuration list for PBXNativeTarget "ShopUITests" */ = {
			isa = XCConfigurationList;
			buildConfigurations = (
				09D7FD6A2758FF85000A98C9 /* Debug */,
				09D7FD6B2758FF85000A98C9 /* Release */,
			);
			defaultConfigurationIsVisible = 0;
			defaultConfigurationName = Release;
		};
/* End XCConfigurationList section */

/* Begin XCRemoteSwiftPackageReference section */
		090F0E0427837B510097FC8D /* XCRemoteSwiftPackageReference "SwiftKeychainWrapper" */ = {
			isa = XCRemoteSwiftPackageReference;
			repositoryURL = "https://github.com/jrendel/SwiftKeychainWrapper.git";
			requirement = {
				kind = upToNextMajorVersion;
				minimumVersion = 4.0.0;
			};
		};
		096DAA472797128F003F5366 /* XCRemoteSwiftPackageReference "SPAlert" */ = {
			isa = XCRemoteSwiftPackageReference;
			repositoryURL = "https://github.com/ivanvorobei/SPAlert";
			requirement = {
				kind = upToNextMajorVersion;
				minimumVersion = 4.0.0;
			};
		};
		09BDFA5D2799B32800F91DB0 /* XCRemoteSwiftPackageReference "Kingfisher" */ = {
			isa = XCRemoteSwiftPackageReference;
			repositoryURL = "https://github.com/onevcat/Kingfisher.git";
			requirement = {
				kind = upToNextMajorVersion;
				minimumVersion = 7.0.0;
			};
		};
		09D7FDB6275CDE9C000A98C9 /* XCRemoteSwiftPackageReference "Alamofire" */ = {
			isa = XCRemoteSwiftPackageReference;
			repositoryURL = "https://github.com/Alamofire/Alamofire";
			requirement = {
				kind = upToNextMajorVersion;
				minimumVersion = 5.0.0;
			};
		};
/* End XCRemoteSwiftPackageReference section */

/* Begin XCSwiftPackageProductDependency section */
		090F0E0527837B510097FC8D /* SwiftKeychainWrapper */ = {
			isa = XCSwiftPackageProductDependency;
			package = 090F0E0427837B510097FC8D /* XCRemoteSwiftPackageReference "SwiftKeychainWrapper" */;
			productName = SwiftKeychainWrapper;
		};
		096DAA482797128F003F5366 /* SPAlert */ = {
			isa = XCSwiftPackageProductDependency;
			package = 096DAA472797128F003F5366 /* XCRemoteSwiftPackageReference "SPAlert" */;
			productName = SPAlert;
		};
		09BDFA5E2799B32800F91DB0 /* Kingfisher */ = {
			isa = XCSwiftPackageProductDependency;
			package = 09BDFA5D2799B32800F91DB0 /* XCRemoteSwiftPackageReference "Kingfisher" */;
			productName = Kingfisher;
		};
		09D7FDB7275CDE9C000A98C9 /* Alamofire */ = {
			isa = XCSwiftPackageProductDependency;
			package = 09D7FDB6275CDE9C000A98C9 /* XCRemoteSwiftPackageReference "Alamofire" */;
			productName = Alamofire;
		};
/* End XCSwiftPackageProductDependency section */
	};
	rootObject = 09D7FD312758FF83000A98C9 /* Project object */;
}
